
Microsoft Visual Studio Solution File, Format Version 12.00
# Visual Studio Version 16
VisualStudioVersion = 16.0.29409.12
MinimumVisualStudioVersion = 10.0.40219.1
Project("{FAE04EC0-301F-11D3-BF4B-00C04F79EFBC}") = "WindowsFormsAppLifecycleFramework", "WindowsFormsAppLifecycleFramework\WindowsFormsAppLifecycleFramework.csproj", "{767C9F70-C2C6-49DA-A3C8-DC55620B487E}"
EndProject
Global
	GlobalSection(SolutionConfigurationPlatforms) = preSolution
		Debug|Any CPU = Debug|Any CPU
		Release|Any CPU = Release|Any CPU
	EndGlobalSection
	GlobalSection(ProjectConfigurationPlatforms) = postSolution
		{767C9F70-C2C6-49DA-A3C8-DC55620B487E}.Debug|Any CPU.ActiveCfg = Debug|Any CPU
		{767C9F70-C2C6-49DA-A3C8-DC55620B487E}.Debug|Any CPU.Build.0 = Debug|Any CPU
		{767C9F70-C2C6-49DA-A3C8-DC55620B487E}.Release|Any CPU.ActiveCfg = Release|Any CPU
		{767C9F70-C2C6-49DA-A3C8-DC55620B487E}.Release|Any CPU.Build.0 = Release|Any CPU
	EndGlobalSection
	GlobalSection(SolutionProperties) = preSolution
		HideSolutionNode = FALSE
	EndGlobalSection
	GlobalSection(ExtensibilityGlobals) = postSolution
		SolutionGuid = {7CA420B9-29BA-4FA7-8477-B2C9CF69BBA2}
	EndGlobalSection
EndGlobal
